
Microsoft Visual Studio Solution File, Format Version 12.00
# Visual Studio Version 16
VisualStudioVersion = 16.0.30413.136
MinimumVisualStudioVersion = 10.0.40219.1
Project("{FAE04EC0-301F-11D3-BF4B-00C04F79EFBC}") = "eShopSolution.WebApp", "eShopSolution.WebApp\eShopSolution.WebApp.csproj", "{5D5A7D67-DD05-445B-9A80-88C6F2B63A61}"
EndProject
Global
	GlobalSection(SolutionConfigurationPlatforms) = preSolution
		Debug|Any CPU = Debug|Any CPU
		Release|Any CPU = Release|Any CPU
	EndGlobalSection
	GlobalSection(ProjectConfigurationPlatforms) = postSolution
		{5D5A7D67-DD05-445B-9A80-88C6F2B63A61}.Debug|Any CPU.ActiveCfg = Debug|Any CPU
		{5D5A7D67-DD05-445B-9A80-88C6F2B63A61}.Debug|Any CPU.Build.0 = Debug|Any CPU
		{5D5A7D67-DD05-445B-9A80-88C6F2B63A61}.Release|Any CPU.ActiveCfg = Release|Any CPU
		{5D5A7D67-DD05-445B-9A80-88C6F2B63A61}.Release|Any CPU.Build.0 = Release|Any CPU
	EndGlobalSection
	GlobalSection(SolutionProperties) = preSolution
		HideSolutionNode = FALSE
	EndGlobalSection
	GlobalSection(ExtensibilityGlobals) = postSolution
		SolutionGuid = {231EC7AF-9C6E-4259-8D5C-D2D848829597}
	EndGlobalSection
EndGlobal
